<Solution>
  <Project Path="Atla.Console.Tests/Atla.Console.Tests.fsproj" />
  <Project Path="Atla.Console/Atla.Console.fsproj" />
  <Project Path="Atla.Core.Tests/Atla.Core.Tests.fsproj" />
  <Project Path="Atla.Core/Atla.Core.fsproj" />
  <Project Path="Atla.LanguageServer.Tests/Atla.LanguageServer.Tests.fsproj" Id="d8585eb4-0fcf-4100-9032-240a3327cdf4" />
  <Project Path="Atla.LanguageServer/Atla.LanguageServer.fsproj" />
</Solution>
